
Microsoft Visual Studio Solution File, Format Version 12.00
# Visual Studio Version 16
VisualStudioVersion = 16.0.29920.165
MinimumVisualStudioVersion = 10.0.40219.1
Project("{FAE04EC0-301F-11D3-BF4B-00C04F79EFBC}") = "aaaaaaaaaaaaaaaaaaaaaaaaaaaaaaaaaaaaaaaaaaaa", "aaaaaaaaaaaaaaaaaaaaaaaaaaaaaaaaaaaaaaaaaaaa\aaaaaaaaaaaaaaaaaaaaaaaaaaaaaaaaaaaaaaaaaaaa.csproj", "{DD612493-34AD-4F08-8DCB-1F7CD8EECFEA}"
EndProject
Global
	GlobalSection(SolutionConfigurationPlatforms) = preSolution
		Debug|Any CPU = Debug|Any CPU
		Release|Any CPU = Release|Any CPU
	EndGlobalSection
	GlobalSection(ProjectConfigurationPlatforms) = postSolution
		{DD612493-34AD-4F08-8DCB-1F7CD8EECFEA}.Debug|Any CPU.ActiveCfg = Debug|Any CPU
		{DD612493-34AD-4F08-8DCB-1F7CD8EECFEA}.Debug|Any CPU.Build.0 = Debug|Any CPU
		{DD612493-34AD-4F08-8DCB-1F7CD8EECFEA}.Release|Any CPU.ActiveCfg = Release|Any CPU
		{DD612493-34AD-4F08-8DCB-1F7CD8EECFEA}.Release|Any CPU.Build.0 = Release|Any CPU
	EndGlobalSection
	GlobalSection(SolutionProperties) = preSolution
		HideSolutionNode = FALSE
	EndGlobalSection
	GlobalSection(ExtensibilityGlobals) = postSolution
		SolutionGuid = {6D786230-941E-43A3-87F6-67748C4F30DA}
	EndGlobalSection
EndGlobal
